
Microsoft Visual Studio Solution File, Format Version 12.00
# Visual Studio 15
VisualStudioVersion = 15.0.26124.0
MinimumVisualStudioVersion = 15.0.26124.0
Project("{9A19103F-16F7-4668-BE54-9A1E7A4F7556}") = "Checkout.Models", "Checkout.Models\Checkout.Models.csproj", "{6178CBE7-42A9-4B48-9A37-6B64CF0B1944}"
EndProject
Project("{9A19103F-16F7-4668-BE54-9A1E7A4F7556}") = "Checkout.EF", "Checkout.EF\Checkout.EF.csproj", "{8D682FB0-C9BA-4A3E-BA62-8B75965C8741}"
EndProject
Project("{9A19103F-16F7-4668-BE54-9A1E7A4F7556}") = "Checkout.Web", "Checkout.Web\Checkout.Web.csproj", "{9301A9FC-0E9F-4567-9ACE-CF13BC714AC3}"
EndProject
Project("{9A19103F-16F7-4668-BE54-9A1E7A4F7556}") = "Checkout.Web.Client", "Checkout.Web.Client\Checkout.Web.Client.csproj", "{A216E083-AA99-4C85-90C8-95B1E5BAEB24}"
EndProject
Project("{9A19103F-16F7-4668-BE54-9A1E7A4F7556}") = "Checkout.Web.Console", "Checkout.Web.Console\Checkout.Web.Console.csproj", "{CE16F40A-B5A1-4372-85D1-BB65E8A2978C}"
EndProject
Project("{9A19103F-16F7-4668-BE54-9A1E7A4F7556}") = "Checkout.BusinessLogic", "Checkout.BusinessLogic\Checkout.BusinessLogic.csproj", "{DBCF99E5-3CBE-4E2B-906A-8CF82BB0F7F9}"
EndProject
Project("{FAE04EC0-301F-11D3-BF4B-00C04F79EFBC}") = "Checkout.BusinessLogic.Tests", "Checkout.BusinessLogic.Tests\Checkout.BusinessLogic.Tests.csproj", "{77A01D84-4D92-4385-9EEE-BE6946294433}"
EndProject
Global
	GlobalSection(SolutionConfigurationPlatforms) = preSolution
		Debug|Any CPU = Debug|Any CPU
		Debug|x64 = Debug|x64
		Debug|x86 = Debug|x86
		Release|Any CPU = Release|Any CPU
		Release|x64 = Release|x64
		Release|x86 = Release|x86
	EndGlobalSection
	GlobalSection(ProjectConfigurationPlatforms) = postSolution
		{6178CBE7-42A9-4B48-9A37-6B64CF0B1944}.Debug|Any CPU.ActiveCfg = Debug|Any CPU
		{6178CBE7-42A9-4B48-9A37-6B64CF0B1944}.Debug|Any CPU.Build.0 = Debug|Any CPU
		{6178CBE7-42A9-4B48-9A37-6B64CF0B1944}.Debug|x64.ActiveCfg = Debug|Any CPU
		{6178CBE7-42A9-4B48-9A37-6B64CF0B1944}.Debug|x64.Build.0 = Debug|Any CPU
		{6178CBE7-42A9-4B48-9A37-6B64CF0B1944}.Debug|x86.ActiveCfg = Debug|Any CPU
		{6178CBE7-42A9-4B48-9A37-6B64CF0B1944}.Debug|x86.Build.0 = Debug|Any CPU
		{6178CBE7-42A9-4B48-9A37-6B64CF0B1944}.Release|Any CPU.ActiveCfg = Release|Any CPU
		{6178CBE7-42A9-4B48-9A37-6B64CF0B1944}.Release|Any CPU.Build.0 = Release|Any CPU
		{6178CBE7-42A9-4B48-9A37-6B64CF0B1944}.Release|x64.ActiveCfg = Release|Any CPU
		{6178CBE7-42A9-4B48-9A37-6B64CF0B1944}.Release|x64.Build.0 = Release|Any CPU
		{6178CBE7-42A9-4B48-9A37-6B64CF0B1944}.Release|x86.ActiveCfg = Release|Any CPU
		{6178CBE7-42A9-4B48-9A37-6B64CF0B1944}.Release|x86.Build.0 = Release|Any CPU
		{8D682FB0-C9BA-4A3E-BA62-8B75965C8741}.Debug|Any CPU.ActiveCfg = Debug|Any CPU
		{8D682FB0-C9BA-4A3E-BA62-8B75965C8741}.Debug|Any CPU.Build.0 = Debug|Any CPU
		{8D682FB0-C9BA-4A3E-BA62-8B75965C8741}.Debug|x64.ActiveCfg = Debug|Any CPU
		{8D682FB0-C9BA-4A3E-BA62-8B75965C8741}.Debug|x64.Build.0 = Debug|Any CPU
		{8D682FB0-C9BA-4A3E-BA62-8B75965C8741}.Debug|x86.ActiveCfg = Debug|Any CPU
		{8D682FB0-C9BA-4A3E-BA62-8B75965C8741}.Debug|x86.Build.0 = Debug|Any CPU
		{8D682FB0-C9BA-4A3E-BA62-8B75965C8741}.Release|Any CPU.ActiveCfg = Release|Any CPU
		{8D682FB0-C9BA-4A3E-BA62-8B75965C8741}.Release|Any CPU.Build.0 = Release|Any CPU
		{8D682FB0-C9BA-4A3E-BA62-8B75965C8741}.Release|x64.ActiveCfg = Release|Any CPU
		{8D682FB0-C9BA-4A3E-BA62-8B75965C8741}.Release|x64.Build.0 = Release|Any CPU
		{8D682FB0-C9BA-4A3E-BA62-8B75965C8741}.Release|x86.ActiveCfg = Release|Any CPU
		{8D682FB0-C9BA-4A3E-BA62-8B75965C8741}.Release|x86.Build.0 = Release|Any CPU
		{9301A9FC-0E9F-4567-9ACE-CF13BC714AC3}.Debug|Any CPU.ActiveCfg = Debug|Any CPU
		{9301A9FC-0E9F-4567-9ACE-CF13BC714AC3}.Debug|Any CPU.Build.0 = Debug|Any CPU
		{9301A9FC-0E9F-4567-9ACE-CF13BC714AC3}.Debug|x64.ActiveCfg = Debug|Any CPU
		{9301A9FC-0E9F-4567-9ACE-CF13BC714AC3}.Debug|x64.Build.0 = Debug|Any CPU
		{9301A9FC-0E9F-4567-9ACE-CF13BC714AC3}.Debug|x86.ActiveCfg = Debug|Any CPU
		{9301A9FC-0E9F-4567-9ACE-CF13BC714AC3}.Debug|x86.Build.0 = Debug|Any CPU
		{9301A9FC-0E9F-4567-9ACE-CF13BC714AC3}.Release|Any CPU.ActiveCfg = Release|Any CPU
		{9301A9FC-0E9F-4567-9ACE-CF13BC714AC3}.Release|Any CPU.Build.0 = Release|Any CPU
		{9301A9FC-0E9F-4567-9ACE-CF13BC714AC3}.Release|x64.ActiveCfg = Release|Any CPU
		{9301A9FC-0E9F-4567-9ACE-CF13BC714AC3}.Release|x64.Build.0 = Release|Any CPU
		{9301A9FC-0E9F-4567-9ACE-CF13BC714AC3}.Release|x86.ActiveCfg = Release|Any CPU
		{9301A9FC-0E9F-4567-9ACE-CF13BC714AC3}.Release|x86.Build.0 = Release|Any CPU
		{A216E083-AA99-4C85-90C8-95B1E5BAEB24}.Debug|Any CPU.ActiveCfg = Debug|Any CPU
		{A216E083-AA99-4C85-90C8-95B1E5BAEB24}.Debug|Any CPU.Build.0 = Debug|Any CPU
		{A216E083-AA99-4C85-90C8-95B1E5BAEB24}.Debug|x64.ActiveCfg = Debug|Any CPU
		{A216E083-AA99-4C85-90C8-95B1E5BAEB24}.Debug|x64.Build.0 = Debug|Any CPU
		{A216E083-AA99-4C85-90C8-95B1E5BAEB24}.Debug|x86.ActiveCfg = Debug|Any CPU
		{A216E083-AA99-4C85-90C8-95B1E5BAEB24}.Debug|x86.Build.0 = Debug|Any CPU
		{A216E083-AA99-4C85-90C8-95B1E5BAEB24}.Release|Any CPU.ActiveCfg = Release|Any CPU
		{A216E083-AA99-4C85-90C8-95B1E5BAEB24}.Release|Any CPU.Build.0 = Release|Any CPU
		{A216E083-AA99-4C85-90C8-95B1E5BAEB24}.Release|x64.ActiveCfg = Release|Any CPU
		{A216E083-AA99-4C85-90C8-95B1E5BAEB24}.Release|x64.Build.0 = Release|Any CPU
		{A216E083-AA99-4C85-90C8-95B1E5BAEB24}.Release|x86.ActiveCfg = Release|Any CPU
		{A216E083-AA99-4C85-90C8-95B1E5BAEB24}.Release|x86.Build.0 = Release|Any CPU
		{CE16F40A-B5A1-4372-85D1-BB65E8A2978C}.Debug|Any CPU.ActiveCfg = Debug|Any CPU
		{CE16F40A-B5A1-4372-85D1-BB65E8A2978C}.Debug|Any CPU.Build.0 = Debug|Any CPU
		{CE16F40A-B5A1-4372-85D1-BB65E8A2978C}.Debug|x64.ActiveCfg = Debug|Any CPU
		{CE16F40A-B5A1-4372-85D1-BB65E8A2978C}.Debug|x64.Build.0 = Debug|Any CPU
		{CE16F40A-B5A1-4372-85D1-BB65E8A2978C}.Debug|x86.ActiveCfg = Debug|Any CPU
		{CE16F40A-B5A1-4372-85D1-BB65E8A2978C}.Debug|x86.Build.0 = Debug|Any CPU
		{CE16F40A-B5A1-4372-85D1-BB65E8A2978C}.Release|Any CPU.ActiveCfg = Release|Any CPU
		{CE16F40A-B5A1-4372-85D1-BB65E8A2978C}.Release|Any CPU.Build.0 = Release|Any CPU
		{CE16F40A-B5A1-4372-85D1-BB65E8A2978C}.Release|x64.ActiveCfg = Release|Any CPU
		{CE16F40A-B5A1-4372-85D1-BB65E8A2978C}.Release|x64.Build.0 = Release|Any CPU
		{CE16F40A-B5A1-4372-85D1-BB65E8A2978C}.Release|x86.ActiveCfg = Release|Any CPU
		{CE16F40A-B5A1-4372-85D1-BB65E8A2978C}.Release|x86.Build.0 = Release|Any CPU
		{DBCF99E5-3CBE-4E2B-906A-8CF82BB0F7F9}.Debug|Any CPU.ActiveCfg = Debug|Any CPU
		{DBCF99E5-3CBE-4E2B-906A-8CF82BB0F7F9}.Debug|Any CPU.Build.0 = Debug|Any CPU
		{DBCF99E5-3CBE-4E2B-906A-8CF82BB0F7F9}.Debug|x64.ActiveCfg = Debug|Any CPU
		{DBCF99E5-3CBE-4E2B-906A-8CF82BB0F7F9}.Debug|x64.Build.0 = Debug|Any CPU
		{DBCF99E5-3CBE-4E2B-906A-8CF82BB0F7F9}.Debug|x86.ActiveCfg = Debug|Any CPU
		{DBCF99E5-3CBE-4E2B-906A-8CF82BB0F7F9}.Debug|x86.Build.0 = Debug|Any CPU
		{DBCF99E5-3CBE-4E2B-906A-8CF82BB0F7F9}.Release|Any CPU.ActiveCfg = Release|Any CPU
		{DBCF99E5-3CBE-4E2B-906A-8CF82BB0F7F9}.Release|Any CPU.Build.0 = Release|Any CPU
		{DBCF99E5-3CBE-4E2B-906A-8CF82BB0F7F9}.Release|x64.ActiveCfg = Release|Any CPU
		{DBCF99E5-3CBE-4E2B-906A-8CF82BB0F7F9}.Release|x64.Build.0 = Release|Any CPU
		{DBCF99E5-3CBE-4E2B-906A-8CF82BB0F7F9}.Release|x86.ActiveCfg = Release|Any CPU
		{DBCF99E5-3CBE-4E2B-906A-8CF82BB0F7F9}.Release|x86.Build.0 = Release|Any CPU
		{77A01D84-4D92-4385-9EEE-BE6946294433}.Debug|Any CPU.ActiveCfg = Debug|Any CPU
		{77A01D84-4D92-4385-9EEE-BE6946294433}.Debug|Any CPU.Build.0 = Debug|Any CPU
		{77A01D84-4D92-4385-9EEE-BE6946294433}.Debug|x64.ActiveCfg = Debug|Any CPU
		{77A01D84-4D92-4385-9EEE-BE6946294433}.Debug|x64.Build.0 = Debug|Any CPU
		{77A01D84-4D92-4385-9EEE-BE6946294433}.Debug|x86.ActiveCfg = Debug|Any CPU
		{77A01D84-4D92-4385-9EEE-BE6946294433}.Debug|x86.Build.0 = Debug|Any CPU
		{77A01D84-4D92-4385-9EEE-BE6946294433}.Release|Any CPU.ActiveCfg = Release|Any CPU
		{77A01D84-4D92-4385-9EEE-BE6946294433}.Release|Any CPU.Build.0 = Release|Any CPU
		{77A01D84-4D92-4385-9EEE-BE6946294433}.Release|x64.ActiveCfg = Release|Any CPU
		{77A01D84-4D92-4385-9EEE-BE6946294433}.Release|x64.Build.0 = Release|Any CPU
		{77A01D84-4D92-4385-9EEE-BE6946294433}.Release|x86.ActiveCfg = Release|Any CPU
		{77A01D84-4D92-4385-9EEE-BE6946294433}.Release|x86.Build.0 = Release|Any CPU
	EndGlobalSection
	GlobalSection(SolutionProperties) = preSolution
		HideSolutionNode = FALSE
	EndGlobalSection
	GlobalSection(ExtensibilityGlobals) = postSolution
		SolutionGuid = {695584AE-D86D-4865-ADF7-5227861D0806}
	EndGlobalSection
EndGlobal
